
Microsoft Visual Studio Solution File, Format Version 11.00
# Visual Studio 2010
Project("{FAE04EC0-301F-11D3-BF4B-00C04F79EFBC}") = "ContactDataAccess", "ContactDataAccess\ContactDataAccess.csproj", "{4405DBE1-C8AB-451B-9F37-DE67132F6CCD}"
EndProject
Project("{FAE04EC0-301F-11D3-BF4B-00C04F79EFBC}") = "ContactBusinessEntities", "..\ContactBusinessEntities\ContactBusinessEntities.csproj", "{521CAE6E-46E0-448A-9810-2A7D28E41019}"
EndProject
Project("{FAE04EC0-301F-11D3-BF4B-00C04F79EFBC}") = "ContactBusinessLogic", "..\ContactBusinessLogic\ContactBusinessLogic.csproj", "{C08C6750-56BF-452C-A7E9-3F37419D6030}"
EndProject
Global
	GlobalSection(SolutionConfigurationPlatforms) = preSolution
		Debug|Any CPU = Debug|Any CPU
		Release|Any CPU = Release|Any CPU
	EndGlobalSection
	GlobalSection(ProjectConfigurationPlatforms) = postSolution
		{4405DBE1-C8AB-451B-9F37-DE67132F6CCD}.Debug|Any CPU.ActiveCfg = Debug|Any CPU
		{4405DBE1-C8AB-451B-9F37-DE67132F6CCD}.Debug|Any CPU.Build.0 = Debug|Any CPU
		{4405DBE1-C8AB-451B-9F37-DE67132F6CCD}.Release|Any CPU.ActiveCfg = Release|Any CPU
		{4405DBE1-C8AB-451B-9F37-DE67132F6CCD}.Release|Any CPU.Build.0 = Release|Any CPU
		{521CAE6E-46E0-448A-9810-2A7D28E41019}.Debug|Any CPU.ActiveCfg = Debug|Any CPU
		{521CAE6E-46E0-448A-9810-2A7D28E41019}.Debug|Any CPU.Build.0 = Debug|Any CPU
		{521CAE6E-46E0-448A-9810-2A7D28E41019}.Release|Any CPU.ActiveCfg = Release|Any CPU
		{521CAE6E-46E0-448A-9810-2A7D28E41019}.Release|Any CPU.Build.0 = Release|Any CPU
		{C08C6750-56BF-452C-A7E9-3F37419D6030}.Debug|Any CPU.ActiveCfg = Debug|Any CPU
		{C08C6750-56BF-452C-A7E9-3F37419D6030}.Debug|Any CPU.Build.0 = Debug|Any CPU
		{C08C6750-56BF-452C-A7E9-3F37419D6030}.Release|Any CPU.ActiveCfg = Release|Any CPU
		{C08C6750-56BF-452C-A7E9-3F37419D6030}.Release|Any CPU.Build.0 = Release|Any CPU
	EndGlobalSection
	GlobalSection(SolutionProperties) = preSolution
		HideSolutionNode = FALSE
	EndGlobalSection
EndGlobal
