
Microsoft Visual Studio Solution File, Format Version 12.00
# Visual Studio 2012
Project("{CC5FD16D-436D-48AD-A40C-5A424C6E3E79}") = "ContactCloudWebService", "ContactCloudWebService\ContactCloudWebService.ccproj", "{8A26BD16-6377-4D1C-9EAB-09E95D534A49}"
EndProject
Project("{FAE04EC0-301F-11D3-BF4B-00C04F79EFBC}") = "ContactData", "ContactData\ContactData.csproj", "{B12B84CE-5ADB-47C9-BA60-29BEC7FD7B7C}"
EndProject
Global
	GlobalSection(SolutionConfigurationPlatforms) = preSolution
		Debug|Any CPU = Debug|Any CPU
		Release|Any CPU = Release|Any CPU
	EndGlobalSection
	GlobalSection(ProjectConfigurationPlatforms) = postSolution
		{8A26BD16-6377-4D1C-9EAB-09E95D534A49}.Debug|Any CPU.ActiveCfg = Debug|Any CPU
		{8A26BD16-6377-4D1C-9EAB-09E95D534A49}.Debug|Any CPU.Build.0 = Debug|Any CPU
		{8A26BD16-6377-4D1C-9EAB-09E95D534A49}.Release|Any CPU.ActiveCfg = Release|Any CPU
		{8A26BD16-6377-4D1C-9EAB-09E95D534A49}.Release|Any CPU.Build.0 = Release|Any CPU
		{B12B84CE-5ADB-47C9-BA60-29BEC7FD7B7C}.Debug|Any CPU.ActiveCfg = Debug|Any CPU
		{B12B84CE-5ADB-47C9-BA60-29BEC7FD7B7C}.Debug|Any CPU.Build.0 = Debug|Any CPU
		{B12B84CE-5ADB-47C9-BA60-29BEC7FD7B7C}.Release|Any CPU.ActiveCfg = Release|Any CPU
		{B12B84CE-5ADB-47C9-BA60-29BEC7FD7B7C}.Release|Any CPU.Build.0 = Release|Any CPU
	EndGlobalSection
	GlobalSection(SolutionProperties) = preSolution
		HideSolutionNode = FALSE
	EndGlobalSection
EndGlobal
